
Microsoft Visual Studio Solution File, Format Version 12.00
# Visual Studio Version 17
VisualStudioVersion = 17.13.35818.85
MinimumVisualStudioVersion = 10.0.40219.1
Project("{FAE04EC0-301F-11D3-BF4B-00C04F79EFBC}") = "SimpleToDoApp.Wpf", "SimpleToDoApp.Wpf\SimpleToDoApp.Wpf.csproj", "{88C9054D-5044-40FB-BC6F-7E6FBDA3C9E9}"
EndProject
Project("{FAE04EC0-301F-11D3-BF4B-00C04F79EFBC}") = "SimpleToDoApp.Core", "SimpleToDoApp.Core\SimpleToDoApp.Core.csproj", "{C3ED6CEA-714E-4AD5-94EC-58018BDF7335}"
EndProject
Project("{FAE04EC0-301F-11D3-BF4B-00C04F79EFBC}") = "SimpleToDoApp.VbaInterop", "SimpleToDoApp.VbaInterop\SimpleToDoApp.VbaInterop.csproj", "{F4736547-9510-B454-9FA5-0EAB031E8A76}"
EndProject
Global
	GlobalSection(SolutionConfigurationPlatforms) = preSolution
		Debug|Any CPU = Debug|Any CPU
		Release|Any CPU = Release|Any CPU
	EndGlobalSection
	GlobalSection(ProjectConfigurationPlatforms) = postSolution
		{88C9054D-5044-40FB-BC6F-7E6FBDA3C9E9}.Debug|Any CPU.ActiveCfg = Debug|Any CPU
		{88C9054D-5044-40FB-BC6F-7E6FBDA3C9E9}.Debug|Any CPU.Build.0 = Debug|Any CPU
		{88C9054D-5044-40FB-BC6F-7E6FBDA3C9E9}.Release|Any CPU.ActiveCfg = Release|Any CPU
		{88C9054D-5044-40FB-BC6F-7E6FBDA3C9E9}.Release|Any CPU.Build.0 = Release|Any CPU
		{C3ED6CEA-714E-4AD5-94EC-58018BDF7335}.Debug|Any CPU.ActiveCfg = Debug|Any CPU
		{C3ED6CEA-714E-4AD5-94EC-58018BDF7335}.Debug|Any CPU.Build.0 = Debug|Any CPU
		{C3ED6CEA-714E-4AD5-94EC-58018BDF7335}.Release|Any CPU.ActiveCfg = Release|Any CPU
		{C3ED6CEA-714E-4AD5-94EC-58018BDF7335}.Release|Any CPU.Build.0 = Release|Any CPU
		{F4736547-9510-B454-9FA5-0EAB031E8A76}.Debug|Any CPU.ActiveCfg = Debug|Any CPU
		{F4736547-9510-B454-9FA5-0EAB031E8A76}.Debug|Any CPU.Build.0 = Debug|Any CPU
		{F4736547-9510-B454-9FA5-0EAB031E8A76}.Release|Any CPU.ActiveCfg = Release|Any CPU
		{F4736547-9510-B454-9FA5-0EAB031E8A76}.Release|Any CPU.Build.0 = Release|Any CPU
	EndGlobalSection
	GlobalSection(SolutionProperties) = preSolution
		HideSolutionNode = FALSE
	EndGlobalSection
	GlobalSection(ExtensibilityGlobals) = postSolution
		SolutionGuid = {F0B776B8-BDBB-4CB5-8309-07B1363FC426}
	EndGlobalSection
EndGlobal
